// !$*UTF8*$!
{
	archiveVersion = 1;
	classes = {
	};
	objectVersion = 48;
	objects = {

/* Begin PBXBuildFile section */
		A60F1461200EAB110083115C /* AuthService.swift in Sources */ = {isa = PBXBuildFile; fileRef = A60F1460200EAB110083115C /* AuthService.swift */; };
		A637C97F20113A3F00E9A8A4 /* FeedCell.swift in Sources */ = {isa = PBXBuildFile; fileRef = A637C97E20113A3F00E9A8A4 /* FeedCell.swift */; };
		A64B618D200E46C70033F62B /* InsetTextField.swift in Sources */ = {isa = PBXBuildFile; fileRef = A64B618C200E46C70033F62B /* InsetTextField.swift */; };
		A64B618F200E495B0033F62B /* ShaddowView.swift in Sources */ = {isa = PBXBuildFile; fileRef = A64B618E200E495B0033F62B /* ShaddowView.swift */; };
		A6B61BDE200D1CAD0095C991 /* DataService.swift in Sources */ = {isa = PBXBuildFile; fileRef = A6B61BDD200D1CAD0095C991 /* DataService.swift */; };
		A6B6ED53200CEF5600A22F29 /* AppDelegate.swift in Sources */ = {isa = PBXBuildFile; fileRef = A6B6ED52200CEF5600A22F29 /* AppDelegate.swift */; };
		A6B6ED55200CEF5600A22F29 /* FeedVc.swift in Sources */ = {isa = PBXBuildFile; fileRef = A6B6ED54200CEF5600A22F29 /* FeedVc.swift */; };
		A6B6ED57200CEF5600A22F29 /* GroupsVc.swift in Sources */ = {isa = PBXBuildFile; fileRef = A6B6ED56200CEF5600A22F29 /* GroupsVc.swift */; };
		A6B6ED5A200CEF5600A22F29 /* Main.storyboard in Resources */ = {isa = PBXBuildFile; fileRef = A6B6ED58200CEF5600A22F29 /* Main.storyboard */; };
		A6B6ED5C200CEF5600A22F29 /* Assets.xcassets in Resources */ = {isa = PBXBuildFile; fileRef = A6B6ED5B200CEF5600A22F29 /* Assets.xcassets */; };
		A6B6ED5F200CEF5600A22F29 /* LaunchScreen.storyboard in Resources */ = {isa = PBXBuildFile; fileRef = A6B6ED5D200CEF5600A22F29 /* LaunchScreen.storyboard */; };
		A6B6ED6C200CF30E00A22F29 /* GoogleService-Info.plist in Resources */ = {isa = PBXBuildFile; fileRef = A6B6ED6B200CF30E00A22F29 /* GoogleService-Info.plist */; };
		A6BD7D472010EEE40073C356 /* CreatePostVc.swift in Sources */ = {isa = PBXBuildFile; fileRef = A6BD7D462010EEE40073C356 /* CreatePostVc.swift */; };
		A6BD7D492010FE1D0073C356 /* UIViewExtensions.swift in Sources */ = {isa = PBXBuildFile; fileRef = A6BD7D482010FE1D0073C356 /* UIViewExtensions.swift */; };
		A6DED0B6200E43E6009DF14D /* AuthVc.swift in Sources */ = {isa = PBXBuildFile; fileRef = A6DED0B5200E43E6009DF14D /* AuthVc.swift */; };
		A6DED0B8200E441C009DF14D /* LoginVc.swift in Sources */ = {isa = PBXBuildFile; fileRef = A6DED0B7200E441C009DF14D /* LoginVc.swift */; };
		A6DF78EE200FC7B200493E3F /* MeVc.swift in Sources */ = {isa = PBXBuildFile; fileRef = A6DF78ED200FC7B200493E3F /* MeVc.swift */; };
		B8F6AE90EA898EF22AB2180D /* Pods_firchatos.framework in Frameworks */ = {isa = PBXBuildFile; fileRef = 48BE5D276DD003F1965BE6DE /* Pods_firchatos.framework */; };
/* End PBXBuildFile section */

/* Begin PBXFileReference section */
		48BE5D276DD003F1965BE6DE /* Pods_firchatos.framework */ = {isa = PBXFileReference; explicitFileType = wrapper.framework; includeInIndex = 0; path = Pods_firchatos.framework; sourceTree = BUILT_PRODUCTS_DIR; };
		698AB69BB7A83D55FBE239A8 /* Pods-firchatos.release.xcconfig */ = {isa = PBXFileReference; includeInIndex = 1; lastKnownFileType = text.xcconfig; name = "Pods-firchatos.release.xcconfig"; path = "Pods/Target Support Files/Pods-firchatos/Pods-firchatos.release.xcconfig"; sourceTree = "<group>"; };
		A60F1460200EAB110083115C /* AuthService.swift */ = {isa = PBXFileReference; lastKnownFileType = sourcecode.swift; path = AuthService.swift; sourceTree = "<group>"; };
		A637C97E20113A3F00E9A8A4 /* FeedCell.swift */ = {isa = PBXFileReference; lastKnownFileType = sourcecode.swift; path = FeedCell.swift; sourceTree = "<group>"; };
		A64B618C200E46C70033F62B /* InsetTextField.swift */ = {isa = PBXFileReference; lastKnownFileType = sourcecode.swift; path = InsetTextField.swift; sourceTree = "<group>"; };
		A64B618E200E495B0033F62B /* ShaddowView.swift */ = {isa = PBXFileReference; lastKnownFileType = sourcecode.swift; path = ShaddowView.swift; sourceTree = "<group>"; };
		A6B61BDD200D1CAD0095C991 /* DataService.swift */ = {isa = PBXFileReference; lastKnownFileType = sourcecode.swift; path = DataService.swift; sourceTree = "<group>"; };
		A6B6ED4F200CEF5600A22F29 /* firchatos.app */ = {isa = PBXFileReference; explicitFileType = wrapper.application; includeInIndex = 0; path = firchatos.app; sourceTree = BUILT_PRODUCTS_DIR; };
		A6B6ED52200CEF5600A22F29 /* AppDelegate.swift */ = {isa = PBXFileReference; lastKnownFileType = sourcecode.swift; path = AppDelegate.swift; sourceTree = "<group>"; };
		A6B6ED54200CEF5600A22F29 /* FeedVc.swift */ = {isa = PBXFileReference; lastKnownFileType = sourcecode.swift; path = FeedVc.swift; sourceTree = "<group>"; };
		A6B6ED56200CEF5600A22F29 /* GroupsVc.swift */ = {isa = PBXFileReference; lastKnownFileType = sourcecode.swift; path = GroupsVc.swift; sourceTree = "<group>"; };
		A6B6ED59200CEF5600A22F29 /* Base */ = {isa = PBXFileReference; lastKnownFileType = file.storyboard; name = Base; path = Base.lproj/Main.storyboard; sourceTree = "<group>"; };
		A6B6ED5B200CEF5600A22F29 /* Assets.xcassets */ = {isa = PBXFileReference; lastKnownFileType = folder.assetcatalog; path = Assets.xcassets; sourceTree = "<group>"; };
		A6B6ED5E200CEF5600A22F29 /* Base */ = {isa = PBXFileReference; lastKnownFileType = file.storyboard; name = Base; path = Base.lproj/LaunchScreen.storyboard; sourceTree = "<group>"; };
		A6B6ED60200CEF5600A22F29 /* Info.plist */ = {isa = PBXFileReference; lastKnownFileType = text.plist.xml; path = Info.plist; sourceTree = "<group>"; };
		A6B6ED6B200CF30E00A22F29 /* GoogleService-Info.plist */ = {isa = PBXFileReference; fileEncoding = 4; lastKnownFileType = text.plist.xml; name = "GoogleService-Info.plist"; path = "../../../../../Downloads/GoogleService-Info.plist"; sourceTree = "<group>"; };
		A6BD7D462010EEE40073C356 /* CreatePostVc.swift */ = {isa = PBXFileReference; lastKnownFileType = sourcecode.swift; path = CreatePostVc.swift; sourceTree = "<group>"; };
		A6BD7D482010FE1D0073C356 /* UIViewExtensions.swift */ = {isa = PBXFileReference; lastKnownFileType = sourcecode.swift; path = UIViewExtensions.swift; sourceTree = "<group>"; };
		A6DED0B5200E43E6009DF14D /* AuthVc.swift */ = {isa = PBXFileReference; lastKnownFileType = sourcecode.swift; path = AuthVc.swift; sourceTree = "<group>"; };
		A6DED0B7200E441C009DF14D /* LoginVc.swift */ = {isa = PBXFileReference; lastKnownFileType = sourcecode.swift; path = LoginVc.swift; sourceTree = "<group>"; };
		A6DF78ED200FC7B200493E3F /* MeVc.swift */ = {isa = PBXFileReference; lastKnownFileType = sourcecode.swift; path = MeVc.swift; sourceTree = "<group>"; };
		F65EE01B0181D13D4A4A94AE /* Pods-firchatos.debug.xcconfig */ = {isa = PBXFileReference; includeInIndex = 1; lastKnownFileType = text.xcconfig; name = "Pods-firchatos.debug.xcconfig"; path = "Pods/Target Support Files/Pods-firchatos/Pods-firchatos.debug.xcconfig"; sourceTree = "<group>"; };
/* End PBXFileReference section */

/* Begin PBXFrameworksBuildPhase section */
		A6B6ED4C200CEF5600A22F29 /* Frameworks */ = {
			isa = PBXFrameworksBuildPhase;
			buildActionMask = 2147483647;
			files = (
				B8F6AE90EA898EF22AB2180D /* Pods_firchatos.framework in Frameworks */,
			);
			runOnlyForDeploymentPostprocessing = 0;
		};
/* End PBXFrameworksBuildPhase section */

/* Begin PBXGroup section */
		95A7D2122694DA7FA10EE9A2 /* Pods */ = {
			isa = PBXGroup;
			children = (
				F65EE01B0181D13D4A4A94AE /* Pods-firchatos.debug.xcconfig */,
				698AB69BB7A83D55FBE239A8 /* Pods-firchatos.release.xcconfig */,
			);
			name = Pods;
			sourceTree = "<group>";
		};
		A6B6ED46200CEF5600A22F29 = {
			isa = PBXGroup;
			children = (
				A6B6ED51200CEF5600A22F29 /* firchatos */,
				A6B6ED50200CEF5600A22F29 /* Products */,
				95A7D2122694DA7FA10EE9A2 /* Pods */,
				AEFF7CD58FCBA8D28C4267FA /* Frameworks */,
			);
			sourceTree = "<group>";
		};
		A6B6ED50200CEF5600A22F29 /* Products */ = {
			isa = PBXGroup;
			children = (
				A6B6ED4F200CEF5600A22F29 /* firchatos.app */,
			);
			name = Products;
			sourceTree = "<group>";
		};
		A6B6ED51200CEF5600A22F29 /* firchatos */ = {
			isa = PBXGroup;
			children = (
				A6B6ED6A200CF17400A22F29 /* Services */,
				A6B6ED69200CF14A00A22F29 /* Extensions */,
				A6B6ED68200CEFBA00A22F29 /* Model */,
				A6B6ED67200CEFB200A22F29 /* View */,
				A6B6ED66200CEF9700A22F29 /* Controller */,
				A6B6ED52200CEF5600A22F29 /* AppDelegate.swift */,
				A6B6ED58200CEF5600A22F29 /* Main.storyboard */,
				A6B6ED5B200CEF5600A22F29 /* Assets.xcassets */,
				A6B6ED5D200CEF5600A22F29 /* LaunchScreen.storyboard */,
				A6B6ED60200CEF5600A22F29 /* Info.plist */,
				A6B6ED6B200CF30E00A22F29 /* GoogleService-Info.plist */,
			);
			path = firchatos;
			sourceTree = "<group>";
		};
		A6B6ED66200CEF9700A22F29 /* Controller */ = {
			isa = PBXGroup;
			children = (
				A6B6ED54200CEF5600A22F29 /* FeedVc.swift */,
				A6B6ED56200CEF5600A22F29 /* GroupsVc.swift */,
				A6DED0B5200E43E6009DF14D /* AuthVc.swift */,
				A6DED0B7200E441C009DF14D /* LoginVc.swift */,
				A6DF78ED200FC7B200493E3F /* MeVc.swift */,
				A6BD7D462010EEE40073C356 /* CreatePostVc.swift */,
			);
			path = Controller;
			sourceTree = "<group>";
		};
		A6B6ED67200CEFB200A22F29 /* View */ = {
			isa = PBXGroup;
			children = (
				A64B618C200E46C70033F62B /* InsetTextField.swift */,
				A64B618E200E495B0033F62B /* ShaddowView.swift */,
				A637C97E20113A3F00E9A8A4 /* FeedCell.swift */,
			);
			path = View;
			sourceTree = "<group>";
		};
		A6B6ED68200CEFBA00A22F29 /* Model */ = {
			isa = PBXGroup;
			children = (
			);
			path = Model;
			sourceTree = "<group>";
		};
		A6B6ED69200CF14A00A22F29 /* Extensions */ = {
			isa = PBXGroup;
			children = (
				A6BD7D482010FE1D0073C356 /* UIViewExtensions.swift */,
			);
			path = Extensions;
			sourceTree = "<group>";
		};
		A6B6ED6A200CF17400A22F29 /* Services */ = {
			isa = PBXGroup;
			children = (
				A6B61BDD200D1CAD0095C991 /* DataService.swift */,
				A60F1460200EAB110083115C /* AuthService.swift */,
			);
			path = Services;
			sourceTree = "<group>";
		};
		AEFF7CD58FCBA8D28C4267FA /* Frameworks */ = {
			isa = PBXGroup;
			children = (
				48BE5D276DD003F1965BE6DE /* Pods_firchatos.framework */,
			);
			name = Frameworks;
			sourceTree = "<group>";
		};
/* End PBXGroup section */

/* Begin PBXNativeTarget section */
		A6B6ED4E200CEF5600A22F29 /* firchatos */ = {
			isa = PBXNativeTarget;
			buildConfigurationList = A6B6ED63200CEF5600A22F29 /* Build configuration list for PBXNativeTarget "firchatos" */;
			buildPhases = (
				37C046CAB676274456CAAC4B /* [CP] Check Pods Manifest.lock */,
				A6B6ED4B200CEF5600A22F29 /* Sources */,
				A6B6ED4C200CEF5600A22F29 /* Frameworks */,
				A6B6ED4D200CEF5600A22F29 /* Resources */,
				B3160C5EFA316C4B0BE3CEFC /* [CP] Embed Pods Frameworks */,
				0A07342BE747F6B25EBCD687 /* [CP] Copy Pods Resources */,
			);
			buildRules = (
			);
			dependencies = (
			);
			name = firchatos;
			productName = firchatos;
			productReference = A6B6ED4F200CEF5600A22F29 /* firchatos.app */;
			productType = "com.apple.product-type.application";
		};
/* End PBXNativeTarget section */

/* Begin PBXProject section */
		A6B6ED47200CEF5600A22F29 /* Project object */ = {
			isa = PBXProject;
			attributes = {
				LastSwiftUpdateCheck = 0920;
				LastUpgradeCheck = 0920;
				ORGANIZATIONNAME = "Ervin Pepic";
				TargetAttributes = {
					A6B6ED4E200CEF5600A22F29 = {
						CreatedOnToolsVersion = 9.2;
						ProvisioningStyle = Automatic;
					};
				};
			};
			buildConfigurationList = A6B6ED4A200CEF5600A22F29 /* Build configuration list for PBXProject "firchatos" */;
			compatibilityVersion = "Xcode 8.0";
			developmentRegion = en;
			hasScannedForEncodings = 0;
			knownRegions = (
				en,
				Base,
			);
			mainGroup = A6B6ED46200CEF5600A22F29;
			productRefGroup = A6B6ED50200CEF5600A22F29 /* Products */;
			projectDirPath = "";
			projectRoot = "";
			targets = (
				A6B6ED4E200CEF5600A22F29 /* firchatos */,
			);
		};
/* End PBXProject section */

/* Begin PBXResourcesBuildPhase section */
		A6B6ED4D200CEF5600A22F29 /* Resources */ = {
			isa = PBXResourcesBuildPhase;
			buildActionMask = 2147483647;
			files = (
				A6B6ED5F200CEF5600A22F29 /* LaunchScreen.storyboard in Resources */,
				A6B6ED6C200CF30E00A22F29 /* GoogleService-Info.plist in Resources */,
				A6B6ED5C200CEF5600A22F29 /* Assets.xcassets in Resources */,
				A6B6ED5A200CEF5600A22F29 /* Main.storyboard in Resources */,
			);
			runOnlyForDeploymentPostprocessing = 0;
		};
/* End PBXResourcesBuildPhase section */

/* Begin PBXShellScriptBuildPhase section */
		0A07342BE747F6B25EBCD687 /* [CP] Copy Pods Resources */ = {
			isa = PBXShellScriptBuildPhase;
			buildActionMask = 2147483647;
			files = (
			);
			inputPaths = (
			);
			name = "[CP] Copy Pods Resources";
			outputPaths = (
			);
			runOnlyForDeploymentPostprocessing = 0;
			shellPath = /bin/sh;
			shellScript = "\"${SRCROOT}/Pods/Target Support Files/Pods-firchatos/Pods-firchatos-resources.sh\"\n";
			showEnvVarsInLog = 0;
		};
		37C046CAB676274456CAAC4B /* [CP] Check Pods Manifest.lock */ = {
			isa = PBXShellScriptBuildPhase;
			buildActionMask = 2147483647;
			files = (
			);
			inputPaths = (
				"${PODS_PODFILE_DIR_PATH}/Podfile.lock",
				"${PODS_ROOT}/Manifest.lock",
			);
			name = "[CP] Check Pods Manifest.lock";
			outputPaths = (
				"$(DERIVED_FILE_DIR)/Pods-firchatos-checkManifestLockResult.txt",
			);
			runOnlyForDeploymentPostprocessing = 0;
			shellPath = /bin/sh;
			shellScript = "diff \"${PODS_PODFILE_DIR_PATH}/Podfile.lock\" \"${PODS_ROOT}/Manifest.lock\" > /dev/null\nif [ $? != 0 ] ; then\n    # print error to STDERR\n    echo \"error: The sandbox is not in sync with the Podfile.lock. Run 'pod install' or update your CocoaPods installation.\" >&2\n    exit 1\nfi\n# This output is used by Xcode 'outputs' to avoid re-running this script phase.\necho \"SUCCESS\" > \"${SCRIPT_OUTPUT_FILE_0}\"\n";
			showEnvVarsInLog = 0;
		};
		B3160C5EFA316C4B0BE3CEFC /* [CP] Embed Pods Frameworks */ = {
			isa = PBXShellScriptBuildPhase;
			buildActionMask = 2147483647;
			files = (
			);
			inputPaths = (
				"${SRCROOT}/Pods/Target Support Files/Pods-firchatos/Pods-firchatos-frameworks.sh",
				"${BUILT_PRODUCTS_DIR}/GTMSessionFetcher/GTMSessionFetcher.framework",
				"${BUILT_PRODUCTS_DIR}/GoogleToolboxForMac/GoogleToolboxForMac.framework",
				"${BUILT_PRODUCTS_DIR}/leveldb-library/leveldb.framework",
				"${BUILT_PRODUCTS_DIR}/nanopb/nanopb.framework",
			);
			name = "[CP] Embed Pods Frameworks";
			outputPaths = (
				"${TARGET_BUILD_DIR}/${FRAMEWORKS_FOLDER_PATH}/GTMSessionFetcher.framework",
				"${TARGET_BUILD_DIR}/${FRAMEWORKS_FOLDER_PATH}/GoogleToolboxForMac.framework",
				"${TARGET_BUILD_DIR}/${FRAMEWORKS_FOLDER_PATH}/leveldb.framework",
				"${TARGET_BUILD_DIR}/${FRAMEWORKS_FOLDER_PATH}/nanopb.framework",
			);
			runOnlyForDeploymentPostprocessing = 0;
			shellPath = /bin/sh;
			shellScript = "\"${SRCROOT}/Pods/Target Support Files/Pods-firchatos/Pods-firchatos-frameworks.sh\"\n";
			showEnvVarsInLog = 0;
		};
/* End PBXShellScriptBuildPhase section */

/* Begin PBXSourcesBuildPhase section */
		A6B6ED4B200CEF5600A22F29 /* Sources */ = {
			isa = PBXSourcesBuildPhase;
			buildActionMask = 2147483647;
			files = (
				A6DF78EE200FC7B200493E3F /* MeVc.swift in Sources */,
				A637C97F20113A3F00E9A8A4 /* FeedCell.swift in Sources */,
				A6DED0B6200E43E6009DF14D /* AuthVc.swift in Sources */,
				A64B618F200E495B0033F62B /* ShaddowView.swift in Sources */,
				A6B6ED57200CEF5600A22F29 /* GroupsVc.swift in Sources */,
				A60F1461200EAB110083115C /* AuthService.swift in Sources */,
				A6DED0B8200E441C009DF14D /* LoginVc.swift in Sources */,
				A6BD7D472010EEE40073C356 /* CreatePostVc.swift in Sources */,
				A6B6ED53200CEF5600A22F29 /* AppDelegate.swift in Sources */,
				A6B6ED55200CEF5600A22F29 /* FeedVc.swift in Sources */,
				A64B618D200E46C70033F62B /* InsetTextField.swift in Sources */,
				A6BD7D492010FE1D0073C356 /* UIViewExtensions.swift in Sources */,
				A6B61BDE200D1CAD0095C991 /* DataService.swift in Sources */,
			);
			runOnlyForDeploymentPostprocessing = 0;
		};
/* End PBXSourcesBuildPhase section */

/* Begin PBXVariantGroup section */
		A6B6ED58200CEF5600A22F29 /* Main.storyboard */ = {
			isa = PBXVariantGroup;
			children = (
				A6B6ED59200CEF5600A22F29 /* Base */,
			);
			name = Main.storyboard;
			sourceTree = "<group>";
		};
		A6B6ED5D200CEF5600A22F29 /* LaunchScreen.storyboard */ = {
			isa = PBXVariantGroup;
			children = (
				A6B6ED5E200CEF5600A22F29 /* Base */,
			);
			name = LaunchScreen.storyboard;
			sourceTree = "<group>";
		};
/* End PBXVariantGroup section */

/* Begin XCBuildConfiguration section */
		A6B6ED61200CEF5600A22F29 /* Debug */ = {
			isa = XCBuildConfiguration;
			buildSettings = {
				ALWAYS_SEARCH_USER_PATHS = NO;
				CLANG_ANALYZER_NONNULL = YES;
				CLANG_ANALYZER_NUMBER_OBJECT_CONVERSION = YES_AGGRESSIVE;
				CLANG_CXX_LANGUAGE_STANDARD = "gnu++14";
				CLANG_CXX_LIBRARY = "libc++";
				CLANG_ENABLE_MODULES = YES;
				CLANG_ENABLE_OBJC_ARC = YES;
				CLANG_WARN_BLOCK_CAPTURE_AUTORELEASING = YES;
				CLANG_WARN_BOOL_CONVERSION = YES;
				CLANG_WARN_COMMA = YES;
				CLANG_WARN_CONSTANT_CONVERSION = YES;
				CLANG_WARN_DIRECT_OBJC_ISA_USAGE = YES_ERROR;
				CLANG_WARN_DOCUMENTATION_COMMENTS = YES;
				CLANG_WARN_EMPTY_BODY = YES;
				CLANG_WARN_ENUM_CONVERSION = YES;
				CLANG_WARN_INFINITE_RECURSION = YES;
				CLANG_WARN_INT_CONVERSION = YES;
				CLANG_WARN_NON_LITERAL_NULL_CONVERSION = YES;
				CLANG_WARN_OBJC_LITERAL_CONVERSION = YES;
				CLANG_WARN_OBJC_ROOT_CLASS = YES_ERROR;
				CLANG_WARN_RANGE_LOOP_ANALYSIS = YES;
				CLANG_WARN_STRICT_PROTOTYPES = YES;
				CLANG_WARN_SUSPICIOUS_MOVE = YES;
				CLANG_WARN_UNGUARDED_AVAILABILITY = YES_AGGRESSIVE;
				CLANG_WARN_UNREACHABLE_CODE = YES;
				CLANG_WARN__DUPLICATE_METHOD_MATCH = YES;
				CODE_SIGN_IDENTITY = "iPhone Developer";
				COPY_PHASE_STRIP = NO;
				DEBUG_INFORMATION_FORMAT = dwarf;
				ENABLE_STRICT_OBJC_MSGSEND = YES;
				ENABLE_TESTABILITY = YES;
				GCC_C_LANGUAGE_STANDARD = gnu11;
				GCC_DYNAMIC_NO_PIC = NO;
				GCC_NO_COMMON_BLOCKS = YES;
				GCC_OPTIMIZATION_LEVEL = 0;
				GCC_PREPROCESSOR_DEFINITIONS = (
					"DEBUG=1",
					"$(inherited)",
				);
				GCC_WARN_64_TO_32_BIT_CONVERSION = YES;
				GCC_WARN_ABOUT_RETURN_TYPE = YES_ERROR;
				GCC_WARN_UNDECLARED_SELECTOR = YES;
				GCC_WARN_UNINITIALIZED_AUTOS = YES_AGGRESSIVE;
				GCC_WARN_UNUSED_FUNCTION = YES;
				GCC_WARN_UNUSED_VARIABLE = YES;
				IPHONEOS_DEPLOYMENT_TARGET = 11.2;
				MTL_ENABLE_DEBUG_INFO = YES;
				ONLY_ACTIVE_ARCH = YES;
				SDKROOT = iphoneos;
				SWIFT_ACTIVE_COMPILATION_CONDITIONS = DEBUG;
				SWIFT_OPTIMIZATION_LEVEL = "-Onone";
			};
			name = Debug;
		};
		A6B6ED62200CEF5600A22F29 /* Release */ = {
			isa = XCBuildConfiguration;
			buildSettings = {
				ALWAYS_SEARCH_USER_PATHS = NO;
				CLANG_ANALYZER_NONNULL = YES;
				CLANG_ANALYZER_NUMBER_OBJECT_CONVERSION = YES_AGGRESSIVE;
				CLANG_CXX_LANGUAGE_STANDARD = "gnu++14";
				CLANG_CXX_LIBRARY = "libc++";
				CLANG_ENABLE_MODULES = YES;
				CLANG_ENABLE_OBJC_ARC = YES;
				CLANG_WARN_BLOCK_CAPTURE_AUTORELEASING = YES;
				CLANG_WARN_BOOL_CONVERSION = YES;
				CLANG_WARN_COMMA = YES;
				CLANG_WARN_CONSTANT_CONVERSION = YES;
				CLANG_WARN_DIRECT_OBJC_ISA_USAGE = YES_ERROR;
				CLANG_WARN_DOCUMENTATION_COMMENTS = YES;
				CLANG_WARN_EMPTY_BODY = YES;
				CLANG_WARN_ENUM_CONVERSION = YES;
				CLANG_WARN_INFINITE_RECURSION = YES;
				CLANG_WARN_INT_CONVERSION = YES;
				CLANG_WARN_NON_LITERAL_NULL_CONVERSION = YES;
				CLANG_WARN_OBJC_LITERAL_CONVERSION = YES;
				CLANG_WARN_OBJC_ROOT_CLASS = YES_ERROR;
				CLANG_WARN_RANGE_LOOP_ANALYSIS = YES;
				CLANG_WARN_STRICT_PROTOTYPES = YES;
				CLANG_WARN_SUSPICIOUS_MOVE = YES;
				CLANG_WARN_UNGUARDED_AVAILABILITY = YES_AGGRESSIVE;
				CLANG_WARN_UNREACHABLE_CODE = YES;
				CLANG_WARN__DUPLICATE_METHOD_MATCH = YES;
				CODE_SIGN_IDENTITY = "iPhone Developer";
				COPY_PHASE_STRIP = NO;
				DEBUG_INFORMATION_FORMAT = "dwarf-with-dsym";
				ENABLE_NS_ASSERTIONS = NO;
				ENABLE_STRICT_OBJC_MSGSEND = YES;
				GCC_C_LANGUAGE_STANDARD = gnu11;
				GCC_NO_COMMON_BLOCKS = YES;
				GCC_WARN_64_TO_32_BIT_CONVERSION = YES;
				GCC_WARN_ABOUT_RETURN_TYPE = YES_ERROR;
				GCC_WARN_UNDECLARED_SELECTOR = YES;
				GCC_WARN_UNINITIALIZED_AUTOS = YES_AGGRESSIVE;
				GCC_WARN_UNUSED_FUNCTION = YES;
				GCC_WARN_UNUSED_VARIABLE = YES;
				IPHONEOS_DEPLOYMENT_TARGET = 11.2;
				MTL_ENABLE_DEBUG_INFO = NO;
				SDKROOT = iphoneos;
				SWIFT_OPTIMIZATION_LEVEL = "-Owholemodule";
				VALIDATE_PRODUCT = YES;
			};
			name = Release;
		};
		A6B6ED64200CEF5600A22F29 /* Debug */ = {
			isa = XCBuildConfiguration;
			baseConfigurationReference = F65EE01B0181D13D4A4A94AE /* Pods-firchatos.debug.xcconfig */;
			buildSettings = {
				ASSETCATALOG_COMPILER_APPICON_NAME = AppIcon;
				CODE_SIGN_STYLE = Automatic;
				DEVELOPMENT_TEAM = 2AN56XY8NA;
				INFOPLIST_FILE = firchatos/Info.plist;
				LD_RUNPATH_SEARCH_PATHS = "$(inherited) @executable_path/Frameworks";
				PRODUCT_BUNDLE_IDENTIFIER = com.ervinpepic.firchatos;
				PRODUCT_NAME = "$(TARGET_NAME)";
				SWIFT_VERSION = 4.0;
				TARGETED_DEVICE_FAMILY = "1,2";
			};
			name = Debug;
		};
		A6B6ED65200CEF5600A22F29 /* Release */ = {
			isa = XCBuildConfiguration;
			baseConfigurationReference = 698AB69BB7A83D55FBE239A8 /* Pods-firchatos.release.xcconfig */;
			buildSettings = {
				ASSETCATALOG_COMPILER_APPICON_NAME = AppIcon;
				CODE_SIGN_STYLE = Automatic;
				DEVELOPMENT_TEAM = 2AN56XY8NA;
				INFOPLIST_FILE = firchatos/Info.plist;
				LD_RUNPATH_SEARCH_PATHS = "$(inherited) @executable_path/Frameworks";
				PRODUCT_BUNDLE_IDENTIFIER = com.ervinpepic.firchatos;
				PRODUCT_NAME = "$(TARGET_NAME)";
				SWIFT_VERSION = 4.0;
				TARGETED_DEVICE_FAMILY = "1,2";
			};
			name = Release;
		};
/* End XCBuildConfiguration section */

/* Begin XCConfigurationList section */
		A6B6ED4A200CEF5600A22F29 /* Build configuration list for PBXProject "firchatos" */ = {
			isa = XCConfigurationList;
			buildConfigurations = (
				A6B6ED61200CEF5600A22F29 /* Debug */,
				A6B6ED62200CEF5600A22F29 /* Release */,
			);
			defaultConfigurationIsVisible = 0;
			defaultConfigurationName = Release;
		};
		A6B6ED63200CEF5600A22F29 /* Build configuration list for PBXNativeTarget "firchatos" */ = {
			isa = XCConfigurationList;
			buildConfigurations = (
				A6B6ED64200CEF5600A22F29 /* Debug */,
				A6B6ED65200CEF5600A22F29 /* Release */,
			);
			defaultConfigurationIsVisible = 0;
			defaultConfigurationName = Release;
		};
/* End XCConfigurationList section */
	};
	rootObject = A6B6ED47200CEF5600A22F29 /* Project object */;
}
